// !$*UTF8*$!
{
	archiveVersion = 1;
	classes = {
	};
	objectVersion = 51;
	objects = {

/* Begin PBXBuildFile section */
		20B1609E053E87DD2EADA5CA /* Pods_Chat.framework in Frameworks */ = {isa = PBXBuildFile; fileRef = 9F0A06712B28326D96BD9E48 /* Pods_Chat.framework */; };
		9316C5A224BA1DF300B952DB /* Array.swift in Sources */ = {isa = PBXBuildFile; fileRef = 9316C5A124BA1DF100B952DB /* Array.swift */; };
		9316C5A624BB2AF800B952DB /* UIView.swift in Sources */ = {isa = PBXBuildFile; fileRef = 9316C5A524BB2AF800B952DB /* UIView.swift */; };
		934EFFFA24BCCDD200EB599A /* MessageCell.swift in Sources */ = {isa = PBXBuildFile; fileRef = 934EFFF924BCCDD200EB599A /* MessageCell.swift */; };
		934EFFFC24C043CA00EB599A /* UICollectionView.swift in Sources */ = {isa = PBXBuildFile; fileRef = 934EFFFB24C043CA00EB599A /* UICollectionView.swift */; };
		934F4B00249FFBFA00248B7D /* Assets.xcassets in Resources */ = {isa = PBXBuildFile; fileRef = 934F4AFF249FFBFA00248B7D /* Assets.xcassets */; };
		934F4B0524A12B3F00248B7D /* User.swift in Sources */ = {isa = PBXBuildFile; fileRef = 934F4B0424A12B3F00248B7D /* User.swift */; };
		939848AA249E45FF0092F586 /* AppDelegate.swift in Sources */ = {isa = PBXBuildFile; fileRef = 939848A9249E45FF0092F586 /* AppDelegate.swift */; };
		939848AC249E45FF0092F586 /* SceneDelegate.swift in Sources */ = {isa = PBXBuildFile; fileRef = 939848AB249E45FF0092F586 /* SceneDelegate.swift */; };
		939848AE249E45FF0092F586 /* MessengerView.swift in Sources */ = {isa = PBXBuildFile; fileRef = 939848AD249E45FF0092F586 /* MessengerView.swift */; };
		939848B6249E46020092F586 /* LaunchScreen.storyboard in Resources */ = {isa = PBXBuildFile; fileRef = 939848B4249E46020092F586 /* LaunchScreen.storyboard */; };
		939848BE249E46190092F586 /* LoginView.swift in Sources */ = {isa = PBXBuildFile; fileRef = 939848BD249E46190092F586 /* LoginView.swift */; };
		939848DB249E5D150092F586 /* UIColor.swift in Sources */ = {isa = PBXBuildFile; fileRef = 939848DA249E5D150092F586 /* UIColor.swift */; };
		939848DD249E8B900092F586 /* GoogleService-Info.plist in Resources */ = {isa = PBXBuildFile; fileRef = 939848DC249E8B900092F586 /* GoogleService-Info.plist */; };
		93C7F30724B359A300C6F88A /* ChatView.swift in Sources */ = {isa = PBXBuildFile; fileRef = 93C7F30624B359A300C6F88A /* ChatView.swift */; };
		93C7F30924B450CD00C6F88A /* ChatPresenter.swift in Sources */ = {isa = PBXBuildFile; fileRef = 93C7F30824B450CC00C6F88A /* ChatPresenter.swift */; };
		93C7F30B24B4547700C6F88A /* Message.swift in Sources */ = {isa = PBXBuildFile; fileRef = 93C7F30A24B4547700C6F88A /* Message.swift */; };
		93E234EC24ADE0C200F3230F /* NewMessageView.swift in Sources */ = {isa = PBXBuildFile; fileRef = 93E234EB24ADE0C200F3230F /* NewMessageView.swift */; };
		93E234F324ADED2000F3230F /* MessengerPresenter.swift in Sources */ = {isa = PBXBuildFile; fileRef = 93E234F024ADED2000F3230F /* MessengerPresenter.swift */; };
		93E234F424ADED2000F3230F /* LoginPresenter.swift in Sources */ = {isa = PBXBuildFile; fileRef = 93E234F124ADED2000F3230F /* LoginPresenter.swift */; };
		93E234F524ADED2000F3230F /* NewMessagePresenter.swift in Sources */ = {isa = PBXBuildFile; fileRef = 93E234F224ADED2000F3230F /* NewMessagePresenter.swift */; };
		93E234F724AE27EB00F3230F /* CorrespondenceCell.swift in Sources */ = {isa = PBXBuildFile; fileRef = 93E234F624AE27EB00F3230F /* CorrespondenceCell.swift */; };
		93E234F924AE2E1B00F3230F /* ProfileView.swift in Sources */ = {isa = PBXBuildFile; fileRef = 93E234F824AE2E1B00F3230F /* ProfileView.swift */; };
		93E234FB24AE49A700F3230F /* ProfilePresenter.swift in Sources */ = {isa = PBXBuildFile; fileRef = 93E234FA24AE49A700F3230F /* ProfilePresenter.swift */; };
		93E234FD24AF494300F3230F /* TabBar.swift in Sources */ = {isa = PBXBuildFile; fileRef = 93E234FC24AF494300F3230F /* TabBar.swift */; };
		93E2350324B327B500F3230F /* UIImageView.swift in Sources */ = {isa = PBXBuildFile; fileRef = 93E2350224B327B500F3230F /* UIImageView.swift */; };
/* End PBXBuildFile section */

/* Begin PBXFileReference section */
		9316C5A124BA1DF100B952DB /* Array.swift */ = {isa = PBXFileReference; lastKnownFileType = sourcecode.swift; name = Array.swift; path = Chat/Helpers/Array.swift; sourceTree = SOURCE_ROOT; };
		9316C5A524BB2AF800B952DB /* UIView.swift */ = {isa = PBXFileReference; lastKnownFileType = sourcecode.swift; path = UIView.swift; sourceTree = "<group>"; };
		934EFFF924BCCDD200EB599A /* MessageCell.swift */ = {isa = PBXFileReference; lastKnownFileType = sourcecode.swift; path = MessageCell.swift; sourceTree = "<group>"; };
		934EFFFB24C043CA00EB599A /* UICollectionView.swift */ = {isa = PBXFileReference; lastKnownFileType = sourcecode.swift; path = UICollectionView.swift; sourceTree = "<group>"; };
		934F4AFF249FFBFA00248B7D /* Assets.xcassets */ = {isa = PBXFileReference; lastKnownFileType = folder.assetcatalog; path = Assets.xcassets; sourceTree = "<group>"; };
		934F4B0424A12B3F00248B7D /* User.swift */ = {isa = PBXFileReference; lastKnownFileType = sourcecode.swift; path = User.swift; sourceTree = "<group>"; };
		939848A6249E45FF0092F586 /* Chat.app */ = {isa = PBXFileReference; explicitFileType = wrapper.application; includeInIndex = 0; path = Chat.app; sourceTree = BUILT_PRODUCTS_DIR; };
		939848A9249E45FF0092F586 /* AppDelegate.swift */ = {isa = PBXFileReference; lastKnownFileType = sourcecode.swift; path = AppDelegate.swift; sourceTree = "<group>"; };
		939848AB249E45FF0092F586 /* SceneDelegate.swift */ = {isa = PBXFileReference; lastKnownFileType = sourcecode.swift; path = SceneDelegate.swift; sourceTree = "<group>"; };
		939848AD249E45FF0092F586 /* MessengerView.swift */ = {isa = PBXFileReference; lastKnownFileType = sourcecode.swift; path = MessengerView.swift; sourceTree = "<group>"; };
		939848B5249E46020092F586 /* Base */ = {isa = PBXFileReference; lastKnownFileType = file.storyboard; name = Base; path = Base.lproj/LaunchScreen.storyboard; sourceTree = "<group>"; };
		939848B7249E46020092F586 /* Info.plist */ = {isa = PBXFileReference; lastKnownFileType = text.plist.xml; path = Info.plist; sourceTree = "<group>"; };
		939848BD249E46190092F586 /* LoginView.swift */ = {isa = PBXFileReference; lastKnownFileType = sourcecode.swift; path = LoginView.swift; sourceTree = "<group>"; };
		939848DA249E5D150092F586 /* UIColor.swift */ = {isa = PBXFileReference; fileEncoding = 4; lastKnownFileType = sourcecode.swift; path = UIColor.swift; sourceTree = "<group>"; };
		939848DC249E8B900092F586 /* GoogleService-Info.plist */ = {isa = PBXFileReference; fileEncoding = 4; lastKnownFileType = text.plist.xml; path = "GoogleService-Info.plist"; sourceTree = "<group>"; };
		93C7F30624B359A300C6F88A /* ChatView.swift */ = {isa = PBXFileReference; lastKnownFileType = sourcecode.swift; path = ChatView.swift; sourceTree = "<group>"; };
		93C7F30824B450CC00C6F88A /* ChatPresenter.swift */ = {isa = PBXFileReference; lastKnownFileType = sourcecode.swift; path = ChatPresenter.swift; sourceTree = "<group>"; };
		93C7F30A24B4547700C6F88A /* Message.swift */ = {isa = PBXFileReference; lastKnownFileType = sourcecode.swift; path = Message.swift; sourceTree = "<group>"; };
		93E234EB24ADE0C200F3230F /* NewMessageView.swift */ = {isa = PBXFileReference; lastKnownFileType = sourcecode.swift; path = NewMessageView.swift; sourceTree = "<group>"; };
		93E234F024ADED2000F3230F /* MessengerPresenter.swift */ = {isa = PBXFileReference; fileEncoding = 4; lastKnownFileType = sourcecode.swift; path = MessengerPresenter.swift; sourceTree = "<group>"; };
		93E234F124ADED2000F3230F /* LoginPresenter.swift */ = {isa = PBXFileReference; fileEncoding = 4; lastKnownFileType = sourcecode.swift; path = LoginPresenter.swift; sourceTree = "<group>"; };
		93E234F224ADED2000F3230F /* NewMessagePresenter.swift */ = {isa = PBXFileReference; fileEncoding = 4; lastKnownFileType = sourcecode.swift; path = NewMessagePresenter.swift; sourceTree = "<group>"; };
		93E234F624AE27EB00F3230F /* CorrespondenceCell.swift */ = {isa = PBXFileReference; lastKnownFileType = sourcecode.swift; path = CorrespondenceCell.swift; sourceTree = "<group>"; };
		93E234F824AE2E1B00F3230F /* ProfileView.swift */ = {isa = PBXFileReference; lastKnownFileType = sourcecode.swift; path = ProfileView.swift; sourceTree = "<group>"; };
		93E234FA24AE49A700F3230F /* ProfilePresenter.swift */ = {isa = PBXFileReference; lastKnownFileType = sourcecode.swift; path = ProfilePresenter.swift; sourceTree = "<group>"; };
		93E234FC24AF494300F3230F /* TabBar.swift */ = {isa = PBXFileReference; fileEncoding = 4; lastKnownFileType = sourcecode.swift; path = TabBar.swift; sourceTree = "<group>"; };
		93E2350224B327B500F3230F /* UIImageView.swift */ = {isa = PBXFileReference; lastKnownFileType = sourcecode.swift; path = UIImageView.swift; sourceTree = "<group>"; };
		9F0A06712B28326D96BD9E48 /* Pods_Chat.framework */ = {isa = PBXFileReference; explicitFileType = wrapper.framework; includeInIndex = 0; path = Pods_Chat.framework; sourceTree = BUILT_PRODUCTS_DIR; };
		B369BF16864154572E1E9DC6 /* Pods-Chat.debug.xcconfig */ = {isa = PBXFileReference; includeInIndex = 1; lastKnownFileType = text.xcconfig; name = "Pods-Chat.debug.xcconfig"; path = "Target Support Files/Pods-Chat/Pods-Chat.debug.xcconfig"; sourceTree = "<group>"; };
		C63AF642BF6FA0BACE98F159 /* Pods-Chat.release.xcconfig */ = {isa = PBXFileReference; includeInIndex = 1; lastKnownFileType = text.xcconfig; name = "Pods-Chat.release.xcconfig"; path = "Target Support Files/Pods-Chat/Pods-Chat.release.xcconfig"; sourceTree = "<group>"; };
/* End PBXFileReference section */

/* Begin PBXFrameworksBuildPhase section */
		939848A3249E45FF0092F586 /* Frameworks */ = {
			isa = PBXFrameworksBuildPhase;
			buildActionMask = 2147483647;
			files = (
				20B1609E053E87DD2EADA5CA /* Pods_Chat.framework in Frameworks */,
			);
			runOnlyForDeploymentPostprocessing = 0;
		};
/* End PBXFrameworksBuildPhase section */

/* Begin PBXGroup section */
		6FE09B58B020FADF67F8CFD1 /* Pods */ = {
			isa = PBXGroup;
			children = (
				B369BF16864154572E1E9DC6 /* Pods-Chat.debug.xcconfig */,
				C63AF642BF6FA0BACE98F159 /* Pods-Chat.release.xcconfig */,
			);
			path = Pods;
			sourceTree = "<group>";
		};
		934F4B0324A12B1300248B7D /* Model */ = {
			isa = PBXGroup;
			children = (
				934F4B0424A12B3F00248B7D /* User.swift */,
				93C7F30A24B4547700C6F88A /* Message.swift */,
			);
			path = Model;
			sourceTree = "<group>";
		};
		9398489D249E45FF0092F586 = {
			isa = PBXGroup;
			children = (
				939848A8249E45FF0092F586 /* Chat */,
				939848A7249E45FF0092F586 /* Products */,
				6FE09B58B020FADF67F8CFD1 /* Pods */,
				DA2CE24E9353742F430B40C4 /* Frameworks */,
			);
			sourceTree = "<group>";
		};
		939848A7249E45FF0092F586 /* Products */ = {
			isa = PBXGroup;
			children = (
				939848A6249E45FF0092F586 /* Chat.app */,
			);
			name = Products;
			sourceTree = "<group>";
		};
		939848A8249E45FF0092F586 /* Chat */ = {
			isa = PBXGroup;
			children = (
				939848A9249E45FF0092F586 /* AppDelegate.swift */,
				939848AB249E45FF0092F586 /* SceneDelegate.swift */,
				934F4AFF249FFBFA00248B7D /* Assets.xcassets */,
				939848DC249E8B900092F586 /* GoogleService-Info.plist */,
				939848B4249E46020092F586 /* LaunchScreen.storyboard */,
				939848B7249E46020092F586 /* Info.plist */,
				93E234FC24AF494300F3230F /* TabBar.swift */,
				93E2350124B3267100F3230F /* Helpers */,
				93C7F30F24B46D0800C6F88A /* Cell */,
				934F4B0324A12B1300248B7D /* Model */,
				939848BF249E463D0092F586 /* View */,
				93E234EF24ADED2000F3230F /* Presenter */,
			);
			path = Chat;
			sourceTree = "<group>";
		};
		939848BF249E463D0092F586 /* View */ = {
			isa = PBXGroup;
			children = (
				939848BD249E46190092F586 /* LoginView.swift */,
				93E234F824AE2E1B00F3230F /* ProfileView.swift */,
				939848AD249E45FF0092F586 /* MessengerView.swift */,
				93E234EB24ADE0C200F3230F /* NewMessageView.swift */,
				93C7F30624B359A300C6F88A /* ChatView.swift */,
			);
			path = View;
			sourceTree = "<group>";
		};
		93C7F30F24B46D0800C6F88A /* Cell */ = {
			isa = PBXGroup;
			children = (
				93E234F624AE27EB00F3230F /* CorrespondenceCell.swift */,
				934EFFF924BCCDD200EB599A /* MessageCell.swift */,
			);
			path = Cell;
			sourceTree = "<group>";
		};
		93E234EF24ADED2000F3230F /* Presenter */ = {
			isa = PBXGroup;
			children = (
				93E234F124ADED2000F3230F /* LoginPresenter.swift */,
				93E234FA24AE49A700F3230F /* ProfilePresenter.swift */,
				93E234F024ADED2000F3230F /* MessengerPresenter.swift */,
				93E234F224ADED2000F3230F /* NewMessagePresenter.swift */,
				93C7F30824B450CC00C6F88A /* ChatPresenter.swift */,
			);
			path = Presenter;
			sourceTree = "<group>";
		};
		93E2350124B3267100F3230F /* Helpers */ = {
			isa = PBXGroup;
			children = (
				939848DA249E5D150092F586 /* UIColor.swift */,
				9316C5A124BA1DF100B952DB /* Array.swift */,
				9316C5A524BB2AF800B952DB /* UIView.swift */,
				93E2350224B327B500F3230F /* UIImageView.swift */,
				934EFFFB24C043CA00EB599A /* UICollectionView.swift */,
			);
			path = Helpers;
			sourceTree = "<group>";
		};
		DA2CE24E9353742F430B40C4 /* Frameworks */ = {
			isa = PBXGroup;
			children = (
				9F0A06712B28326D96BD9E48 /* Pods_Chat.framework */,
			);
			name = Frameworks;
			sourceTree = "<group>";
		};
/* End PBXGroup section */

/* Begin PBXNativeTarget section */
		939848A5249E45FF0092F586 /* Chat */ = {
			isa = PBXNativeTarget;
			buildConfigurationList = 939848BA249E46020092F586 /* Build configuration list for PBXNativeTarget "Chat" */;
			buildPhases = (
				81460223A4160C76A81E89E1 /* [CP] Check Pods Manifest.lock */,
				939848A2249E45FF0092F586 /* Sources */,
				939848A3249E45FF0092F586 /* Frameworks */,
				939848A4249E45FF0092F586 /* Resources */,
				450EC1DE586A2A39151A4F31 /* [CP] Embed Pods Frameworks */,
			);
			buildRules = (
			);
			dependencies = (
			);
			name = Chat;
			productName = Chat;
			productReference = 939848A6249E45FF0092F586 /* Chat.app */;
			productType = "com.apple.product-type.application";
		};
/* End PBXNativeTarget section */

/* Begin PBXProject section */
		9398489E249E45FF0092F586 /* Project object */ = {
			isa = PBXProject;
			attributes = {
				LastSwiftUpdateCheck = 1150;
				LastUpgradeCheck = 1150;
				ORGANIZATIONNAME = "Гусейн Агаев";
				TargetAttributes = {
					939848A5249E45FF0092F586 = {
						CreatedOnToolsVersion = 11.5;
					};
				};
			};
			buildConfigurationList = 939848A1249E45FF0092F586 /* Build configuration list for PBXProject "Chat" */;
			compatibilityVersion = "Xcode 9.3";
			developmentRegion = en;
			hasScannedForEncodings = 0;
			knownRegions = (
				en,
				Base,
			);
			mainGroup = 9398489D249E45FF0092F586;
			productRefGroup = 939848A7249E45FF0092F586 /* Products */;
			projectDirPath = "";
			projectRoot = "";
			targets = (
				939848A5249E45FF0092F586 /* Chat */,
			);
		};
/* End PBXProject section */

/* Begin PBXResourcesBuildPhase section */
		939848A4249E45FF0092F586 /* Resources */ = {
			isa = PBXResourcesBuildPhase;
			buildActionMask = 2147483647;
			files = (
				939848B6249E46020092F586 /* LaunchScreen.storyboard in Resources */,
				939848DD249E8B900092F586 /* GoogleService-Info.plist in Resources */,
				934F4B00249FFBFA00248B7D /* Assets.xcassets in Resources */,
			);
			runOnlyForDeploymentPostprocessing = 0;
		};
/* End PBXResourcesBuildPhase section */

/* Begin PBXShellScriptBuildPhase section */
		450EC1DE586A2A39151A4F31 /* [CP] Embed Pods Frameworks */ = {
			isa = PBXShellScriptBuildPhase;
			buildActionMask = 2147483647;
			files = (
			);
			inputFileListPaths = (
				"${PODS_ROOT}/Target Support Files/Pods-Chat/Pods-Chat-frameworks-${CONFIGURATION}-input-files.xcfilelist",
			);
			name = "[CP] Embed Pods Frameworks";
			outputFileListPaths = (
				"${PODS_ROOT}/Target Support Files/Pods-Chat/Pods-Chat-frameworks-${CONFIGURATION}-output-files.xcfilelist",
			);
			runOnlyForDeploymentPostprocessing = 0;
			shellPath = /bin/sh;
			shellScript = "\"${PODS_ROOT}/Target Support Files/Pods-Chat/Pods-Chat-frameworks.sh\"\n";
			showEnvVarsInLog = 0;
		};
		81460223A4160C76A81E89E1 /* [CP] Check Pods Manifest.lock */ = {
			isa = PBXShellScriptBuildPhase;
			buildActionMask = 2147483647;
			files = (
			);
			inputFileListPaths = (
			);
			inputPaths = (
				"${PODS_PODFILE_DIR_PATH}/Podfile.lock",
				"${PODS_ROOT}/Manifest.lock",
			);
			name = "[CP] Check Pods Manifest.lock";
			outputFileListPaths = (
			);
			outputPaths = (
				"$(DERIVED_FILE_DIR)/Pods-Chat-checkManifestLockResult.txt",
			);
			runOnlyForDeploymentPostprocessing = 0;
			shellPath = /bin/sh;
			shellScript = "diff \"${PODS_PODFILE_DIR_PATH}/Podfile.lock\" \"${PODS_ROOT}/Manifest.lock\" > /dev/null\nif [ $? != 0 ] ; then\n    # print error to STDERR\n    echo \"error: The sandbox is not in sync with the Podfile.lock. Run 'pod install' or update your CocoaPods installation.\" >&2\n    exit 1\nfi\n# This output is used by Xcode 'outputs' to avoid re-running this script phase.\necho \"SUCCESS\" > \"${SCRIPT_OUTPUT_FILE_0}\"\n";
			showEnvVarsInLog = 0;
		};
/* End PBXShellScriptBuildPhase section */

/* Begin PBXSourcesBuildPhase section */
		939848A2249E45FF0092F586 /* Sources */ = {
			isa = PBXSourcesBuildPhase;
			buildActionMask = 2147483647;
			files = (
				9316C5A624BB2AF800B952DB /* UIView.swift in Sources */,
				93C7F30924B450CD00C6F88A /* ChatPresenter.swift in Sources */,
				93E234EC24ADE0C200F3230F /* NewMessageView.swift in Sources */,
				93E2350324B327B500F3230F /* UIImageView.swift in Sources */,
				93C7F30B24B4547700C6F88A /* Message.swift in Sources */,
				93E234F924AE2E1B00F3230F /* ProfileView.swift in Sources */,
				939848BE249E46190092F586 /* LoginView.swift in Sources */,
				93C7F30724B359A300C6F88A /* ChatView.swift in Sources */,
				939848AE249E45FF0092F586 /* MessengerView.swift in Sources */,
				93E234F424ADED2000F3230F /* LoginPresenter.swift in Sources */,
				9316C5A224BA1DF300B952DB /* Array.swift in Sources */,
				939848AA249E45FF0092F586 /* AppDelegate.swift in Sources */,
				934EFFFA24BCCDD200EB599A /* MessageCell.swift in Sources */,
				93E234F324ADED2000F3230F /* MessengerPresenter.swift in Sources */,
				934F4B0524A12B3F00248B7D /* User.swift in Sources */,
				93E234F524ADED2000F3230F /* NewMessagePresenter.swift in Sources */,
				93E234F724AE27EB00F3230F /* CorrespondenceCell.swift in Sources */,
				939848AC249E45FF0092F586 /* SceneDelegate.swift in Sources */,
				939848DB249E5D150092F586 /* UIColor.swift in Sources */,
				93E234FB24AE49A700F3230F /* ProfilePresenter.swift in Sources */,
				934EFFFC24C043CA00EB599A /* UICollectionView.swift in Sources */,
				93E234FD24AF494300F3230F /* TabBar.swift in Sources */,
			);
			runOnlyForDeploymentPostprocessing = 0;
		};
/* End PBXSourcesBuildPhase section */

/* Begin PBXVariantGroup section */
		939848B4249E46020092F586 /* LaunchScreen.storyboard */ = {
			isa = PBXVariantGroup;
			children = (
				939848B5249E46020092F586 /* Base */,
			);
			name = LaunchScreen.storyboard;
			sourceTree = "<group>";
		};
/* End PBXVariantGroup section */

/* Begin XCBuildConfiguration section */
		939848B8249E46020092F586 /* Debug */ = {
			isa = XCBuildConfiguration;
			buildSettings = {
				ALWAYS_SEARCH_USER_PATHS = NO;
				CLANG_ANALYZER_NONNULL = YES;
				CLANG_ANALYZER_NUMBER_OBJECT_CONVERSION = YES_AGGRESSIVE;
				CLANG_CXX_LANGUAGE_STANDARD = "gnu++14";
				CLANG_CXX_LIBRARY = "libc++";
				CLANG_ENABLE_MODULES = YES;
				CLANG_ENABLE_OBJC_ARC = YES;
				CLANG_ENABLE_OBJC_WEAK = YES;
				CLANG_WARN_BLOCK_CAPTURE_AUTORELEASING = YES;
				CLANG_WARN_BOOL_CONVERSION = YES;
				CLANG_WARN_COMMA = YES;
				CLANG_WARN_CONSTANT_CONVERSION = YES;
				CLANG_WARN_DEPRECATED_OBJC_IMPLEMENTATIONS = YES;
				CLANG_WARN_DIRECT_OBJC_ISA_USAGE = YES_ERROR;
				CLANG_WARN_DOCUMENTATION_COMMENTS = YES;
				CLANG_WARN_EMPTY_BODY = YES;
				CLANG_WARN_ENUM_CONVERSION = YES;
				CLANG_WARN_INFINITE_RECURSION = YES;
				CLANG_WARN_INT_CONVERSION = YES;
				CLANG_WARN_NON_LITERAL_NULL_CONVERSION = YES;
				CLANG_WARN_OBJC_IMPLICIT_RETAIN_SELF = YES;
				CLANG_WARN_OBJC_LITERAL_CONVERSION = YES;
				CLANG_WARN_OBJC_ROOT_CLASS = YES_ERROR;
				CLANG_WARN_RANGE_LOOP_ANALYSIS = YES;
				CLANG_WARN_STRICT_PROTOTYPES = YES;
				CLANG_WARN_SUSPICIOUS_MOVE = YES;
				CLANG_WARN_UNGUARDED_AVAILABILITY = YES_AGGRESSIVE;
				CLANG_WARN_UNREACHABLE_CODE = YES;
				CLANG_WARN__DUPLICATE_METHOD_MATCH = YES;
				COPY_PHASE_STRIP = NO;
				DEBUG_INFORMATION_FORMAT = dwarf;
				ENABLE_STRICT_OBJC_MSGSEND = YES;
				ENABLE_TESTABILITY = YES;
				GCC_C_LANGUAGE_STANDARD = gnu11;
				GCC_DYNAMIC_NO_PIC = NO;
				GCC_NO_COMMON_BLOCKS = YES;
				GCC_OPTIMIZATION_LEVEL = 0;
				GCC_PREPROCESSOR_DEFINITIONS = (
					"DEBUG=1",
					"$(inherited)",
				);
				GCC_WARN_64_TO_32_BIT_CONVERSION = YES;
				GCC_WARN_ABOUT_RETURN_TYPE = YES_ERROR;
				GCC_WARN_UNDECLARED_SELECTOR = YES;
				GCC_WARN_UNINITIALIZED_AUTOS = YES_AGGRESSIVE;
				GCC_WARN_UNUSED_FUNCTION = YES;
				GCC_WARN_UNUSED_VARIABLE = YES;
				IPHONEOS_DEPLOYMENT_TARGET = 13.5;
				MTL_ENABLE_DEBUG_INFO = INCLUDE_SOURCE;
				MTL_FAST_MATH = YES;
				ONLY_ACTIVE_ARCH = YES;
				SDKROOT = iphoneos;
				SWIFT_ACTIVE_COMPILATION_CONDITIONS = DEBUG;
				SWIFT_OPTIMIZATION_LEVEL = "-Onone";
			};
			name = Debug;
		};
		939848B9249E46020092F586 /* Release */ = {
			isa = XCBuildConfiguration;
			buildSettings = {
				ALWAYS_SEARCH_USER_PATHS = NO;
				CLANG_ANALYZER_NONNULL = YES;
				CLANG_ANALYZER_NUMBER_OBJECT_CONVERSION = YES_AGGRESSIVE;
				CLANG_CXX_LANGUAGE_STANDARD = "gnu++14";
				CLANG_CXX_LIBRARY = "libc++";
				CLANG_ENABLE_MODULES = YES;
				CLANG_ENABLE_OBJC_ARC = YES;
				CLANG_ENABLE_OBJC_WEAK = YES;
				CLANG_WARN_BLOCK_CAPTURE_AUTORELEASING = YES;
				CLANG_WARN_BOOL_CONVERSION = YES;
				CLANG_WARN_COMMA = YES;
				CLANG_WARN_CONSTANT_CONVERSION = YES;
				CLANG_WARN_DEPRECATED_OBJC_IMPLEMENTATIONS = YES;
				CLANG_WARN_DIRECT_OBJC_ISA_USAGE = YES_ERROR;
				CLANG_WARN_DOCUMENTATION_COMMENTS = YES;
				CLANG_WARN_EMPTY_BODY = YES;
				CLANG_WARN_ENUM_CONVERSION = YES;
				CLANG_WARN_INFINITE_RECURSION = YES;
				CLANG_WARN_INT_CONVERSION = YES;
				CLANG_WARN_NON_LITERAL_NULL_CONVERSION = YES;
				CLANG_WARN_OBJC_IMPLICIT_RETAIN_SELF = YES;
				CLANG_WARN_OBJC_LITERAL_CONVERSION = YES;
				CLANG_WARN_OBJC_ROOT_CLASS = YES_ERROR;
				CLANG_WARN_RANGE_LOOP_ANALYSIS = YES;
				CLANG_WARN_STRICT_PROTOTYPES = YES;
				CLANG_WARN_SUSPICIOUS_MOVE = YES;
				CLANG_WARN_UNGUARDED_AVAILABILITY = YES_AGGRESSIVE;
				CLANG_WARN_UNREACHABLE_CODE = YES;
				CLANG_WARN__DUPLICATE_METHOD_MATCH = YES;
				COPY_PHASE_STRIP = NO;
				DEBUG_INFORMATION_FORMAT = "dwarf-with-dsym";
				ENABLE_NS_ASSERTIONS = NO;
				ENABLE_STRICT_OBJC_MSGSEND = YES;
				GCC_C_LANGUAGE_STANDARD = gnu11;
				GCC_NO_COMMON_BLOCKS = YES;
				GCC_WARN_64_TO_32_BIT_CONVERSION = YES;
				GCC_WARN_ABOUT_RETURN_TYPE = YES_ERROR;
				GCC_WARN_UNDECLARED_SELECTOR = YES;
				GCC_WARN_UNINITIALIZED_AUTOS = YES_AGGRESSIVE;
				GCC_WARN_UNUSED_FUNCTION = YES;
				GCC_WARN_UNUSED_VARIABLE = YES;
				IPHONEOS_DEPLOYMENT_TARGET = 13.5;
				MTL_ENABLE_DEBUG_INFO = NO;
				MTL_FAST_MATH = YES;
				SDKROOT = iphoneos;
				SWIFT_COMPILATION_MODE = wholemodule;
				SWIFT_OPTIMIZATION_LEVEL = "-O";
				VALIDATE_PRODUCT = YES;
			};
			name = Release;
		};
		939848BB249E46020092F586 /* Debug */ = {
			isa = XCBuildConfiguration;
			baseConfigurationReference = B369BF16864154572E1E9DC6 /* Pods-Chat.debug.xcconfig */;
			buildSettings = {
				ASSETCATALOG_COMPILER_APPICON_NAME = AppIcon;
				CODE_SIGN_STYLE = Automatic;
				DEVELOPMENT_TEAM = 55NW9WDHY6;
				INFOPLIST_FILE = Chat/Info.plist;
				LD_RUNPATH_SEARCH_PATHS = (
					"$(inherited)",
					"@executable_path/Frameworks",
				);
				PRODUCT_BUNDLE_IDENTIFIER = AgaevHuseyn.Chat;
				PRODUCT_NAME = "$(TARGET_NAME)";
				SWIFT_VERSION = 5.0;
				TARGETED_DEVICE_FAMILY = "1,2";
			};
			name = Debug;
		};
		939848BC249E46020092F586 /* Release */ = {
			isa = XCBuildConfiguration;
			baseConfigurationReference = C63AF642BF6FA0BACE98F159 /* Pods-Chat.release.xcconfig */;
			buildSettings = {
				ASSETCATALOG_COMPILER_APPICON_NAME = AppIcon;
				CODE_SIGN_STYLE = Automatic;
				DEVELOPMENT_TEAM = 55NW9WDHY6;
				INFOPLIST_FILE = Chat/Info.plist;
				LD_RUNPATH_SEARCH_PATHS = (
					"$(inherited)",
					"@executable_path/Frameworks",
				);
				PRODUCT_BUNDLE_IDENTIFIER = AgaevHuseyn.Chat;
				PRODUCT_NAME = "$(TARGET_NAME)";
				SWIFT_VERSION = 5.0;
				TARGETED_DEVICE_FAMILY = "1,2";
			};
			name = Release;
		};
/* End XCBuildConfiguration section */

/* Begin XCConfigurationList section */
		939848A1249E45FF0092F586 /* Build configuration list for PBXProject "Chat" */ = {
			isa = XCConfigurationList;
			buildConfigurations = (
				939848B8249E46020092F586 /* Debug */,
				939848B9249E46020092F586 /* Release */,
			);
			defaultConfigurationIsVisible = 0;
			defaultConfigurationName = Release;
		};
		939848BA249E46020092F586 /* Build configuration list for PBXNativeTarget "Chat" */ = {
			isa = XCConfigurationList;
			buildConfigurations = (
				939848BB249E46020092F586 /* Debug */,
				939848BC249E46020092F586 /* Release */,
			);
			defaultConfigurationIsVisible = 0;
			defaultConfigurationName = Release;
		};
/* End XCConfigurationList section */
	};
	rootObject = 9398489E249E45FF0092F586 /* Project object */;
}
